
Microsoft Visual Studio Solution File, Format Version 12.00
# Visual Studio Version 17
VisualStudioVersion = 17.1.32328.378
MinimumVisualStudioVersion = 10.0.40219.1
Project("{FAE04EC0-301F-11D3-BF4B-00C04F79EFBC}") = "RecruitmentEmployee", "RecruitmentEmployee.csproj", "{ED41FAA5-1E35-4E64-BE5D-EE9C62C91C4F}"
EndProject
Global
	GlobalSection(SolutionConfigurationPlatforms) = preSolution
		Debug|Any CPU = Debug|Any CPU
		Release|Any CPU = Release|Any CPU
	EndGlobalSection
	GlobalSection(ProjectConfigurationPlatforms) = postSolution
		{ED41FAA5-1E35-4E64-BE5D-EE9C62C91C4F}.Debug|Any CPU.ActiveCfg = Debug|Any CPU
		{ED41FAA5-1E35-4E64-BE5D-EE9C62C91C4F}.Debug|Any CPU.Build.0 = Debug|Any CPU
		{ED41FAA5-1E35-4E64-BE5D-EE9C62C91C4F}.Release|Any CPU.ActiveCfg = Release|Any CPU
		{ED41FAA5-1E35-4E64-BE5D-EE9C62C91C4F}.Release|Any CPU.Build.0 = Release|Any CPU
	EndGlobalSection
	GlobalSection(SolutionProperties) = preSolution
		HideSolutionNode = FALSE
	EndGlobalSection
	GlobalSection(ExtensibilityGlobals) = postSolution
		SolutionGuid = {828E90CE-9722-4AC6-854F-1DC1AFC33FAF}
	EndGlobalSection
EndGlobal
